#
# This file is autogenerated by pip-compile with Python 3.11
# by the following command:
#
#    pip-compile --extra=dev --output-file=requirements-dev.lock --strip-extras pyproject.toml
#
annotated-types==0.8.0
    # via pydantic
awpy==2.0.2
    # via cs2-tactical-analytics (pyproject.toml)
beautifulsoup4==4.15.0
    # via cs2-tactical-analytics (pyproject.toml)
build==1.6.0
    # via pip-tools
certifi==2026.7.22
    # via requests
charset-normalizer==3.5.1
    # via requests
click==8.5.0
    # via
    #   awpy
    #   pip-tools
cloudpickle==3.1.1
    # via
    #   cs2-tactical-analytics (pyproject.toml)
    #   joblib
contourpy==1.3.3
    # via matplotlib
cycler==0.12.1
    # via matplotlib
demoparser2==0.42.0
    # via awpy
fonttools==4.64.0
    # via matplotlib
idna==3.19
    # via requests
iniconfig==2.3.0
    # via pytest
joblib==1.6.0
    # via scikit-learn
kiwisolver==1.5.1
    # via matplotlib
loguru==0.7.3
    # via awpy
matplotlib==3.11.1
    # via
    #   awpy
    #   cs2-tactical-analytics (pyproject.toml)
narwhals==2.25.0
    # via scikit-learn
networkx==3.6.1
    # via awpy
numpy==2.4.6
    # via
    #   awpy
    #   contourpy
    #   cs2-tactical-analytics (pyproject.toml)
    #   demoparser2
    #   matplotlib
    #   pandas
    #   scikit-learn
    #   scipy
packaging==26.3
    # via
    #   build
    #   matplotlib
    #   pytest
    #   wheel
pandas==3.0.5
    # via
    #   cs2-tactical-analytics (pyproject.toml)
    #   demoparser2
pillow==12.3.0
    # via
    #   awpy
    #   matplotlib
pip-tools==7.6.1
    # via cs2-tactical-analytics (pyproject.toml)
pluggy==1.6.0
    # via pytest
polars==1.44.1
    # via
    #   awpy
    #   cs2-tactical-analytics (pyproject.toml)
    #   demoparser2
polars-runtime-32==1.44.1
    # via polars
pyarrow==25.0.1
    # via
    #   cs2-tactical-analytics (pyproject.toml)
    #   demoparser2
pydantic==2.13.5
    # via cs2-tactical-analytics (pyproject.toml)
pydantic-core==2.46.5
    # via pydantic
pygments==2.21.0
    # via pytest
pyparsing==3.3.2
    # via matplotlib
pyproject-hooks==1.2.0
    # via
    #   build
    #   pip-tools
pytest==9.1.1
    # via cs2-tactical-analytics (pyproject.toml)
python-dateutil==2.9.0.post0
    # via
    #   matplotlib
    #   pandas
pyyaml==6.0.3
    # via cs2-tactical-analytics (pyproject.toml)
requests==2.34.2
    # via
    #   awpy
    #   cs2-tactical-analytics (pyproject.toml)
ruff==0.16.6
    # via cs2-tactical-analytics (pyproject.toml)
scikit-learn==1.9.0
    # via cs2-tactical-analytics (pyproject.toml)
scipy==1.17.1
    # via
    #   awpy
    #   scikit-learn
six==1.17.0
    # via python-dateutil
soupsieve==2.9.2
    # via beautifulsoup4
tabulate==0.10.0
    # via cs2-tactical-analytics (pyproject.toml)
threadpoolctl==3.6.0
    # via scikit-learn
tqdm==4.70.0
    # via
    #   awpy
    #   demoparser2
typing-extensions==4.16.0
    # via
    #   beautifulsoup4
    #   pydantic
    #   pydantic-core
    #   typing-inspection
typing-inspection==0.4.4
    # via pydantic
urllib3==2.7.0
    # via requests
wheel==0.48.0
    # via pip-tools

# The following packages are considered to be unsafe in a requirements file:
# pip
# setuptools
